
Microsoft Visual Studio Solution File, Format Version 12.00
# Visual Studio Version 17
VisualStudioVersion = 17.3.32929.385
MinimumVisualStudioVersion = 10.0.40219.1
Project("{FAE04EC0-301F-11D3-BF4B-00C04F79EFBC}") = "tarun_git", "tarun_git\tarun_git.csproj", "{EAC1D055-ADF7-4410-B32E-FECA5E7AB16B}"
EndProject
Global
	GlobalSection(SolutionConfigurationPlatforms) = preSolution
		Debug|Any CPU = Debug|Any CPU
		Release|Any CPU = Release|Any CPU
	EndGlobalSection
	GlobalSection(ProjectConfigurationPlatforms) = postSolution
		{EAC1D055-ADF7-4410-B32E-FECA5E7AB16B}.Debug|Any CPU.ActiveCfg = Debug|Any CPU
		{EAC1D055-ADF7-4410-B32E-FECA5E7AB16B}.Debug|Any CPU.Build.0 = Debug|Any CPU
		{EAC1D055-ADF7-4410-B32E-FECA5E7AB16B}.Release|Any CPU.ActiveCfg = Release|Any CPU
		{EAC1D055-ADF7-4410-B32E-FECA5E7AB16B}.Release|Any CPU.Build.0 = Release|Any CPU
	EndGlobalSection
	GlobalSection(SolutionProperties) = preSolution
		HideSolutionNode = FALSE
	EndGlobalSection
	GlobalSection(ExtensibilityGlobals) = postSolution
		SolutionGuid = {FC1846D8-E4B1-42F6-B75A-3739806112B9}
	EndGlobalSection
EndGlobal
